// !$*UTF8*$!
{
	archiveVersion = 1;
	classes = {
	};
	objectVersion = 46;
	objects = {

/* Begin PBXBuildFile section */
		0430E768209228EF0086CDF2 /* main.m in Sources */ = {isa = PBXBuildFile; fileRef = 0430E767209228EF0086CDF2 /* main.m */; };
		0430E76B209228EF0086CDF2 /* AppDelegate.m in Sources */ = {isa = PBXBuildFile; fileRef = 0430E76A209228EF0086CDF2 /* AppDelegate.m */; };
		0430E76E209228EF0086CDF2 /* ViewController.m in Sources */ = {isa = PBXBuildFile; fileRef = 0430E76D209228EF0086CDF2 /* ViewController.m */; };
		0430E771209228EF0086CDF2 /* Main.storyboard in Resources */ = {isa = PBXBuildFile; fileRef = 0430E76F209228EF0086CDF2 /* Main.storyboard */; };
		0430E773209228EF0086CDF2 /* Assets.xcassets in Resources */ = {isa = PBXBuildFile; fileRef = 0430E772209228EF0086CDF2 /* Assets.xcassets */; };
		0430E776209228EF0086CDF2 /* LaunchScreen.storyboard in Resources */ = {isa = PBXBuildFile; fileRef = 0430E774209228EF0086CDF2 /* LaunchScreen.storyboard */; };
		0430E77F20922AC00086CDF2 /* CircleViewController.m in Sources */ = {isa = PBXBuildFile; fileRef = 0430E77E20922AC00086CDF2 /* CircleViewController.m */; };
		0430E78220922B7F0086CDF2 /* MomentPageView.m in Sources */ = {isa = PBXBuildFile; fileRef = 0430E78120922B7F0086CDF2 /* MomentPageView.m */; };
		0430E78520922D810086CDF2 /* MomentViewController.m in Sources */ = {isa = PBXBuildFile; fileRef = 0430E78420922D810086CDF2 /* MomentViewController.m */; };
		0430E788209238700086CDF2 /* SynchronizeScrollTop.m in Sources */ = {isa = PBXBuildFile; fileRef = 0430E787209238700086CDF2 /* SynchronizeScrollTop.m */; };
		0430E78E209368A40086CDF2 /* BlurCommentView.m in Sources */ = {isa = PBXBuildFile; fileRef = 0430E78B209368A40086CDF2 /* BlurCommentView.m */; };
		0430E78F209368A40086CDF2 /* UIImageEffects.m in Sources */ = {isa = PBXBuildFile; fileRef = 0430E78D209368A40086CDF2 /* UIImageEffects.m */; };
		0430E792209369010086CDF2 /* BRPlaceholderTextView.m in Sources */ = {isa = PBXBuildFile; fileRef = 0430E791209369010086CDF2 /* BRPlaceholderTextView.m */; };
		0430E795209369B10086CDF2 /* UIColor+Helper.m in Sources */ = {isa = PBXBuildFile; fileRef = 0430E794209369B10086CDF2 /* UIColor+Helper.m */; };
		0430E7982094C4720086CDF2 /* MomentsViewController.m in Sources */ = {isa = PBXBuildFile; fileRef = 0430E7972094C4720086CDF2 /* MomentsViewController.m */; };
		0430E79B2094C5EF0086CDF2 /* FHMessageInputView.m in Sources */ = {isa = PBXBuildFile; fileRef = 0430E79A2094C5EF0086CDF2 /* FHMessageInputView.m */; };
		0434CD4220957098000137B1 /* MomentBarView.m in Sources */ = {isa = PBXBuildFile; fileRef = 0434CD4120957098000137B1 /* MomentBarView.m */; };
		047A29552094D4C10004D941 /* FHMessageMediaCell.m in Sources */ = {isa = PBXBuildFile; fileRef = 047A29542094D4C10004D941 /* FHMessageMediaCell.m */; };
		047A29592094DEA10004D941 /* CommandViewController.m in Sources */ = {isa = PBXBuildFile; fileRef = 047A29582094DEA10004D941 /* CommandViewController.m */; };
		463381ACF81C8F64C298BAB2 /* Pods_time.framework in Frameworks */ = {isa = PBXBuildFile; fileRef = 7835E5117D851756A682F19A /* Pods_time.framework */; };
/* End PBXBuildFile section */

/* Begin PBXFileReference section */
		0430E763209228EF0086CDF2 /* time.app */ = {isa = PBXFileReference; explicitFileType = wrapper.application; includeInIndex = 0; path = time.app; sourceTree = BUILT_PRODUCTS_DIR; };
		0430E767209228EF0086CDF2 /* main.m */ = {isa = PBXFileReference; lastKnownFileType = sourcecode.c.objc; path = main.m; sourceTree = "<group>"; };
		0430E769209228EF0086CDF2 /* AppDelegate.h */ = {isa = PBXFileReference; lastKnownFileType = sourcecode.c.h; path = AppDelegate.h; sourceTree = "<group>"; };
		0430E76A209228EF0086CDF2 /* AppDelegate.m */ = {isa = PBXFileReference; lastKnownFileType = sourcecode.c.objc; path = AppDelegate.m; sourceTree = "<group>"; };
		0430E76C209228EF0086CDF2 /* ViewController.h */ = {isa = PBXFileReference; lastKnownFileType = sourcecode.c.h; path = ViewController.h; sourceTree = "<group>"; };
		0430E76D209228EF0086CDF2 /* ViewController.m */ = {isa = PBXFileReference; lastKnownFileType = sourcecode.c.objc; path = ViewController.m; sourceTree = "<group>"; };
		0430E770209228EF0086CDF2 /* Base */ = {isa = PBXFileReference; lastKnownFileType = file.storyboard; name = Base; path = Base.lproj/Main.storyboard; sourceTree = "<group>"; };
		0430E772209228EF0086CDF2 /* Assets.xcassets */ = {isa = PBXFileReference; lastKnownFileType = folder.assetcatalog; path = Assets.xcassets; sourceTree = "<group>"; };
		0430E775209228EF0086CDF2 /* Base */ = {isa = PBXFileReference; lastKnownFileType = file.storyboard; name = Base; path = Base.lproj/LaunchScreen.storyboard; sourceTree = "<group>"; };
		0430E777209228EF0086CDF2 /* Info.plist */ = {isa = PBXFileReference; lastKnownFileType = text.plist.xml; path = Info.plist; sourceTree = "<group>"; };
		0430E77D20922AC00086CDF2 /* CircleViewController.h */ = {isa = PBXFileReference; fileEncoding = 4; lastKnownFileType = sourcecode.c.h; path = CircleViewController.h; sourceTree = "<group>"; };
		0430E77E20922AC00086CDF2 /* CircleViewController.m */ = {isa = PBXFileReference; fileEncoding = 4; lastKnownFileType = sourcecode.c.objc; path = CircleViewController.m; sourceTree = "<group>"; };
		0430E78020922B7F0086CDF2 /* MomentPageView.h */ = {isa = PBXFileReference; fileEncoding = 4; lastKnownFileType = sourcecode.c.h; path = MomentPageView.h; sourceTree = "<group>"; };
		0430E78120922B7F0086CDF2 /* MomentPageView.m */ = {isa = PBXFileReference; fileEncoding = 4; lastKnownFileType = sourcecode.c.objc; path = MomentPageView.m; sourceTree = "<group>"; };
		0430E78320922D810086CDF2 /* MomentViewController.h */ = {isa = PBXFileReference; fileEncoding = 4; lastKnownFileType = sourcecode.c.h; path = MomentViewController.h; sourceTree = "<group>"; };
		0430E78420922D810086CDF2 /* MomentViewController.m */ = {isa = PBXFileReference; fileEncoding = 4; lastKnownFileType = sourcecode.c.objc; path = MomentViewController.m; sourceTree = "<group>"; };
		0430E786209238700086CDF2 /* SynchronizeScrollTop.h */ = {isa = PBXFileReference; fileEncoding = 4; lastKnownFileType = sourcecode.c.h; path = SynchronizeScrollTop.h; sourceTree = "<group>"; };
		0430E787209238700086CDF2 /* SynchronizeScrollTop.m */ = {isa = PBXFileReference; fileEncoding = 4; lastKnownFileType = sourcecode.c.objc; path = SynchronizeScrollTop.m; sourceTree = "<group>"; };
		0430E78A209368A40086CDF2 /* BlurCommentView.h */ = {isa = PBXFileReference; fileEncoding = 4; lastKnownFileType = sourcecode.c.h; path = BlurCommentView.h; sourceTree = "<group>"; };
		0430E78B209368A40086CDF2 /* BlurCommentView.m */ = {isa = PBXFileReference; fileEncoding = 4; lastKnownFileType = sourcecode.c.objc; path = BlurCommentView.m; sourceTree = "<group>"; };
		0430E78C209368A40086CDF2 /* UIImageEffects.h */ = {isa = PBXFileReference; fileEncoding = 4; lastKnownFileType = sourcecode.c.h; path = UIImageEffects.h; sourceTree = "<group>"; };
		0430E78D209368A40086CDF2 /* UIImageEffects.m */ = {isa = PBXFileReference; fileEncoding = 4; lastKnownFileType = sourcecode.c.objc; path = UIImageEffects.m; sourceTree = "<group>"; };
		0430E790209369010086CDF2 /* BRPlaceholderTextView.h */ = {isa = PBXFileReference; fileEncoding = 4; lastKnownFileType = sourcecode.c.h; path = BRPlaceholderTextView.h; sourceTree = "<group>"; };
		0430E791209369010086CDF2 /* BRPlaceholderTextView.m */ = {isa = PBXFileReference; fileEncoding = 4; lastKnownFileType = sourcecode.c.objc; path = BRPlaceholderTextView.m; sourceTree = "<group>"; };
		0430E793209369B10086CDF2 /* UIColor+Helper.h */ = {isa = PBXFileReference; fileEncoding = 4; lastKnownFileType = sourcecode.c.h; path = "UIColor+Helper.h"; sourceTree = "<group>"; };
		0430E794209369B10086CDF2 /* UIColor+Helper.m */ = {isa = PBXFileReference; fileEncoding = 4; lastKnownFileType = sourcecode.c.objc; path = "UIColor+Helper.m"; sourceTree = "<group>"; };
		0430E7962094C4720086CDF2 /* MomentsViewController.h */ = {isa = PBXFileReference; fileEncoding = 4; lastKnownFileType = sourcecode.c.h; path = MomentsViewController.h; sourceTree = "<group>"; };
		0430E7972094C4720086CDF2 /* MomentsViewController.m */ = {isa = PBXFileReference; fileEncoding = 4; lastKnownFileType = sourcecode.c.objc; path = MomentsViewController.m; sourceTree = "<group>"; };
		0430E7992094C5EE0086CDF2 /* FHMessageInputView.h */ = {isa = PBXFileReference; fileEncoding = 4; lastKnownFileType = sourcecode.c.h; path = FHMessageInputView.h; sourceTree = "<group>"; };
		0430E79A2094C5EF0086CDF2 /* FHMessageInputView.m */ = {isa = PBXFileReference; fileEncoding = 4; lastKnownFileType = sourcecode.c.objc; path = FHMessageInputView.m; sourceTree = "<group>"; };
		0434CD4020957098000137B1 /* MomentBarView.h */ = {isa = PBXFileReference; fileEncoding = 4; lastKnownFileType = sourcecode.c.h; path = MomentBarView.h; sourceTree = "<group>"; };
		0434CD4120957098000137B1 /* MomentBarView.m */ = {isa = PBXFileReference; fileEncoding = 4; lastKnownFileType = sourcecode.c.objc; path = MomentBarView.m; sourceTree = "<group>"; };
		047A29532094D4C10004D941 /* FHMessageMediaCell.h */ = {isa = PBXFileReference; fileEncoding = 4; lastKnownFileType = sourcecode.c.h; path = FHMessageMediaCell.h; sourceTree = "<group>"; };
		047A29542094D4C10004D941 /* FHMessageMediaCell.m */ = {isa = PBXFileReference; fileEncoding = 4; lastKnownFileType = sourcecode.c.objc; path = FHMessageMediaCell.m; sourceTree = "<group>"; };
		047A29572094DEA10004D941 /* CommandViewController.h */ = {isa = PBXFileReference; fileEncoding = 4; lastKnownFileType = sourcecode.c.h; path = CommandViewController.h; sourceTree = "<group>"; };
		047A29582094DEA10004D941 /* CommandViewController.m */ = {isa = PBXFileReference; fileEncoding = 4; lastKnownFileType = sourcecode.c.objc; path = CommandViewController.m; sourceTree = "<group>"; };
		05A8B9AE8588B2405114A5FE /* Pods-time.release.xcconfig */ = {isa = PBXFileReference; includeInIndex = 1; lastKnownFileType = text.xcconfig; name = "Pods-time.release.xcconfig"; path = "Pods/Target Support Files/Pods-time/Pods-time.release.xcconfig"; sourceTree = "<group>"; };
		7835E5117D851756A682F19A /* Pods_time.framework */ = {isa = PBXFileReference; explicitFileType = wrapper.framework; includeInIndex = 0; path = Pods_time.framework; sourceTree = BUILT_PRODUCTS_DIR; };
		833A40F2A4A5FFD27F90D62E /* Pods-time.debug.xcconfig */ = {isa = PBXFileReference; includeInIndex = 1; lastKnownFileType = text.xcconfig; name = "Pods-time.debug.xcconfig"; path = "Pods/Target Support Files/Pods-time/Pods-time.debug.xcconfig"; sourceTree = "<group>"; };
/* End PBXFileReference section */

/* Begin PBXFrameworksBuildPhase section */
		0430E760209228EF0086CDF2 /* Frameworks */ = {
			isa = PBXFrameworksBuildPhase;
			buildActionMask = 2147483647;
			files = (
				463381ACF81C8F64C298BAB2 /* Pods_time.framework in Frameworks */,
			);
			runOnlyForDeploymentPostprocessing = 0;
		};
/* End PBXFrameworksBuildPhase section */

/* Begin PBXGroup section */
		00ECCA03491589BB55AE110E /* Frameworks */ = {
			isa = PBXGroup;
			children = (
				7835E5117D851756A682F19A /* Pods_time.framework */,
			);
			name = Frameworks;
			sourceTree = "<group>";
		};
		0430E75A209228EF0086CDF2 = {
			isa = PBXGroup;
			children = (
				0430E765209228EF0086CDF2 /* time */,
				0430E764209228EF0086CDF2 /* Products */,
				9F3BFFB88780AA10E0E35A2F /* Pods */,
				00ECCA03491589BB55AE110E /* Frameworks */,
			);
			sourceTree = "<group>";
		};
		0430E764209228EF0086CDF2 /* Products */ = {
			isa = PBXGroup;
			children = (
				0430E763209228EF0086CDF2 /* time.app */,
			);
			name = Products;
			sourceTree = "<group>";
		};
		0430E765209228EF0086CDF2 /* time */ = {
			isa = PBXGroup;
			children = (
				0434CD3F209567EB000137B1 /* Moments */,
				0430E789209368A40086CDF2 /* BlurCommentView */,
				0430E769209228EF0086CDF2 /* AppDelegate.h */,
				0430E76A209228EF0086CDF2 /* AppDelegate.m */,
				0430E76C209228EF0086CDF2 /* ViewController.h */,
				0430E76D209228EF0086CDF2 /* ViewController.m */,
				0430E7962094C4720086CDF2 /* MomentsViewController.h */,
				0430E7972094C4720086CDF2 /* MomentsViewController.m */,
				0430E7992094C5EE0086CDF2 /* FHMessageInputView.h */,
				0430E79A2094C5EF0086CDF2 /* FHMessageInputView.m */,
				047A29532094D4C10004D941 /* FHMessageMediaCell.h */,
				047A29542094D4C10004D941 /* FHMessageMediaCell.m */,
				0430E76F209228EF0086CDF2 /* Main.storyboard */,
				0430E772209228EF0086CDF2 /* Assets.xcassets */,
				0430E774209228EF0086CDF2 /* LaunchScreen.storyboard */,
				0430E777209228EF0086CDF2 /* Info.plist */,
				0430E766209228EF0086CDF2 /* Supporting Files */,
			);
			path = time;
			sourceTree = "<group>";
		};
		0430E766209228EF0086CDF2 /* Supporting Files */ = {
			isa = PBXGroup;
			children = (
				0430E767209228EF0086CDF2 /* main.m */,
			);
			name = "Supporting Files";
			sourceTree = "<group>";
		};
		0430E789209368A40086CDF2 /* BlurCommentView */ = {
			isa = PBXGroup;
			children = (
				0430E790209369010086CDF2 /* BRPlaceholderTextView.h */,
				0430E791209369010086CDF2 /* BRPlaceholderTextView.m */,
				0430E78A209368A40086CDF2 /* BlurCommentView.h */,
				0430E78B209368A40086CDF2 /* BlurCommentView.m */,
				0430E78C209368A40086CDF2 /* UIImageEffects.h */,
				0430E78D209368A40086CDF2 /* UIImageEffects.m */,
				0430E793209369B10086CDF2 /* UIColor+Helper.h */,
				0430E794209369B10086CDF2 /* UIColor+Helper.m */,
				047A29572094DEA10004D941 /* CommandViewController.h */,
				047A29582094DEA10004D941 /* CommandViewController.m */,
			);
			path = BlurCommentView;
			sourceTree = "<group>";
		};
		0434CD3F209567EB000137B1 /* Moments */ = {
			isa = PBXGroup;
			children = (
				0430E77D20922AC00086CDF2 /* CircleViewController.h */,
				0430E77E20922AC00086CDF2 /* CircleViewController.m */,
				0430E78020922B7F0086CDF2 /* MomentPageView.h */,
				0430E78120922B7F0086CDF2 /* MomentPageView.m */,
				0430E78320922D810086CDF2 /* MomentViewController.h */,
				0430E78420922D810086CDF2 /* MomentViewController.m */,
				0430E786209238700086CDF2 /* SynchronizeScrollTop.h */,
				0430E787209238700086CDF2 /* SynchronizeScrollTop.m */,
				0434CD4020957098000137B1 /* MomentBarView.h */,
				0434CD4120957098000137B1 /* MomentBarView.m */,
			);
			name = Moments;
			sourceTree = "<group>";
		};
		9F3BFFB88780AA10E0E35A2F /* Pods */ = {
			isa = PBXGroup;
			children = (
				833A40F2A4A5FFD27F90D62E /* Pods-time.debug.xcconfig */,
				05A8B9AE8588B2405114A5FE /* Pods-time.release.xcconfig */,
			);
			name = Pods;
			sourceTree = "<group>";
		};
/* End PBXGroup section */

/* Begin PBXNativeTarget section */
		0430E762209228EF0086CDF2 /* time */ = {
			isa = PBXNativeTarget;
			buildConfigurationList = 0430E77A209228EF0086CDF2 /* Build configuration list for PBXNativeTarget "time" */;
			buildPhases = (
				A733F02C2E7E7856F7BADB68 /* [CP] Check Pods Manifest.lock */,
				0430E75F209228EF0086CDF2 /* Sources */,
				0430E760209228EF0086CDF2 /* Frameworks */,
				0430E761209228EF0086CDF2 /* Resources */,
				9590E17E1F884B355C8E174C /* [CP] Embed Pods Frameworks */,
				8DB0471CA2200526AA20E8B0 /* [CP] Copy Pods Resources */,
			);
			buildRules = (
			);
			dependencies = (
			);
			name = time;
			productName = time;
			productReference = 0430E763209228EF0086CDF2 /* time.app */;
			productType = "com.apple.product-type.application";
		};
/* End PBXNativeTarget section */

/* Begin PBXProject section */
		0430E75B209228EF0086CDF2 /* Project object */ = {
			isa = PBXProject;
			attributes = {
				LastUpgradeCheck = 0830;
				ORGANIZATIONNAME = 1ge;
				TargetAttributes = {
					0430E762209228EF0086CDF2 = {
						CreatedOnToolsVersion = 8.3.3;
						DevelopmentTeam = 8B6UQ5Q6UH;
						ProvisioningStyle = Automatic;
					};
				};
			};
			buildConfigurationList = 0430E75E209228EF0086CDF2 /* Build configuration list for PBXProject "time" */;
			compatibilityVersion = "Xcode 3.2";
			developmentRegion = English;
			hasScannedForEncodings = 0;
			knownRegions = (
				en,
				Base,
			);
			mainGroup = 0430E75A209228EF0086CDF2;
			productRefGroup = 0430E764209228EF0086CDF2 /* Products */;
			projectDirPath = "";
			projectRoot = "";
			targets = (
				0430E762209228EF0086CDF2 /* time */,
			);
		};
/* End PBXProject section */

/* Begin PBXResourcesBuildPhase section */
		0430E761209228EF0086CDF2 /* Resources */ = {
			isa = PBXResourcesBuildPhase;
			buildActionMask = 2147483647;
			files = (
				0430E776209228EF0086CDF2 /* LaunchScreen.storyboard in Resources */,
				0430E773209228EF0086CDF2 /* Assets.xcassets in Resources */,
				0430E771209228EF0086CDF2 /* Main.storyboard in Resources */,
			);
			runOnlyForDeploymentPostprocessing = 0;
		};
/* End PBXResourcesBuildPhase section */

/* Begin PBXShellScriptBuildPhase section */
		8DB0471CA2200526AA20E8B0 /* [CP] Copy Pods Resources */ = {
			isa = PBXShellScriptBuildPhase;
			buildActionMask = 2147483647;
			files = (
			);
			inputPaths = (
			);
			name = "[CP] Copy Pods Resources";
			outputPaths = (
			);
			runOnlyForDeploymentPostprocessing = 0;
			shellPath = /bin/sh;
			shellScript = "\"${SRCROOT}/Pods/Target Support Files/Pods-time/Pods-time-resources.sh\"\n";
			showEnvVarsInLog = 0;
		};
		9590E17E1F884B355C8E174C /* [CP] Embed Pods Frameworks */ = {
			isa = PBXShellScriptBuildPhase;
			buildActionMask = 2147483647;
			files = (
			);
			inputPaths = (
			);
			name = "[CP] Embed Pods Frameworks";
			outputPaths = (
			);
			runOnlyForDeploymentPostprocessing = 0;
			shellPath = /bin/sh;
			shellScript = "\"${SRCROOT}/Pods/Target Support Files/Pods-time/Pods-time-frameworks.sh\"\n";
			showEnvVarsInLog = 0;
		};
		A733F02C2E7E7856F7BADB68 /* [CP] Check Pods Manifest.lock */ = {
			isa = PBXShellScriptBuildPhase;
			buildActionMask = 2147483647;
			files = (
			);
			inputPaths = (
			);
			name = "[CP] Check Pods Manifest.lock";
			outputPaths = (
			);
			runOnlyForDeploymentPostprocessing = 0;
			shellPath = /bin/sh;
			shellScript = "diff \"${PODS_ROOT}/../Podfile.lock\" \"${PODS_ROOT}/Manifest.lock\" > /dev/null\nif [[ $? != 0 ]] ; then\n    cat << EOM\nerror: The sandbox is not in sync with the Podfile.lock. Run 'pod install' or update your CocoaPods installation.\nEOM\n    exit 1\nfi\n";
			showEnvVarsInLog = 0;
		};
/* End PBXShellScriptBuildPhase section */

/* Begin PBXSourcesBuildPhase section */
		0430E75F209228EF0086CDF2 /* Sources */ = {
			isa = PBXSourcesBuildPhase;
			buildActionMask = 2147483647;
			files = (
				0430E7982094C4720086CDF2 /* MomentsViewController.m in Sources */,
				0430E788209238700086CDF2 /* SynchronizeScrollTop.m in Sources */,
				0430E76E209228EF0086CDF2 /* ViewController.m in Sources */,
				047A29592094DEA10004D941 /* CommandViewController.m in Sources */,
				0430E76B209228EF0086CDF2 /* AppDelegate.m in Sources */,
				0430E77F20922AC00086CDF2 /* CircleViewController.m in Sources */,
				0430E795209369B10086CDF2 /* UIColor+Helper.m in Sources */,
				047A29552094D4C10004D941 /* FHMessageMediaCell.m in Sources */,
				0430E78220922B7F0086CDF2 /* MomentPageView.m in Sources */,
				0430E78F209368A40086CDF2 /* UIImageEffects.m in Sources */,
				0434CD4220957098000137B1 /* MomentBarView.m in Sources */,
				0430E78520922D810086CDF2 /* MomentViewController.m in Sources */,
				0430E792209369010086CDF2 /* BRPlaceholderTextView.m in Sources */,
				0430E79B2094C5EF0086CDF2 /* FHMessageInputView.m in Sources */,
				0430E768209228EF0086CDF2 /* main.m in Sources */,
				0430E78E209368A40086CDF2 /* BlurCommentView.m in Sources */,
			);
			runOnlyForDeploymentPostprocessing = 0;
		};
/* End PBXSourcesBuildPhase section */

/* Begin PBXVariantGroup section */
		0430E76F209228EF0086CDF2 /* Main.storyboard */ = {
			isa = PBXVariantGroup;
			children = (
				0430E770209228EF0086CDF2 /* Base */,
			);
			name = Main.storyboard;
			sourceTree = "<group>";
		};
		0430E774209228EF0086CDF2 /* LaunchScreen.storyboard */ = {
			isa = PBXVariantGroup;
			children = (
				0430E775209228EF0086CDF2 /* Base */,
			);
			name = LaunchScreen.storyboard;
			sourceTree = "<group>";
		};
/* End PBXVariantGroup section */

/* Begin XCBuildConfiguration section */
		0430E778209228EF0086CDF2 /* Debug */ = {
			isa = XCBuildConfiguration;
			buildSettings = {
				ALWAYS_SEARCH_USER_PATHS = NO;
				CLANG_ANALYZER_NONNULL = YES;
				CLANG_ANALYZER_NUMBER_OBJECT_CONVERSION = YES_AGGRESSIVE;
				CLANG_CXX_LANGUAGE_STANDARD = "gnu++0x";
				CLANG_CXX_LIBRARY = "libc++";
				CLANG_ENABLE_MODULES = YES;
				CLANG_ENABLE_OBJC_ARC = YES;
				CLANG_WARN_BOOL_CONVERSION = YES;
				CLANG_WARN_CONSTANT_CONVERSION = YES;
				CLANG_WARN_DIRECT_OBJC_ISA_USAGE = YES_ERROR;
				CLANG_WARN_DOCUMENTATION_COMMENTS = YES;
				CLANG_WARN_EMPTY_BODY = YES;
				CLANG_WARN_ENUM_CONVERSION = YES;
				CLANG_WARN_INFINITE_RECURSION = YES;
				CLANG_WARN_INT_CONVERSION = YES;
				CLANG_WARN_OBJC_ROOT_CLASS = YES_ERROR;
				CLANG_WARN_SUSPICIOUS_MOVE = YES;
				CLANG_WARN_UNREACHABLE_CODE = YES;
				CLANG_WARN__DUPLICATE_METHOD_MATCH = YES;
				"CODE_SIGN_IDENTITY[sdk=iphoneos*]" = "iPhone Developer";
				COPY_PHASE_STRIP = NO;
				DEBUG_INFORMATION_FORMAT = dwarf;
				ENABLE_STRICT_OBJC_MSGSEND = YES;
				ENABLE_TESTABILITY = YES;
				GCC_C_LANGUAGE_STANDARD = gnu99;
				GCC_DYNAMIC_NO_PIC = NO;
				GCC_NO_COMMON_BLOCKS = YES;
				GCC_OPTIMIZATION_LEVEL = 0;
				GCC_PREPROCESSOR_DEFINITIONS = (
					"DEBUG=1",
					"$(inherited)",
				);
				GCC_WARN_64_TO_32_BIT_CONVERSION = YES;
				GCC_WARN_ABOUT_RETURN_TYPE = YES_ERROR;
				GCC_WARN_UNDECLARED_SELECTOR = YES;
				GCC_WARN_UNINITIALIZED_AUTOS = YES_AGGRESSIVE;
				GCC_WARN_UNUSED_FUNCTION = YES;
				GCC_WARN_UNUSED_VARIABLE = YES;
				IPHONEOS_DEPLOYMENT_TARGET = 10.3;
				MTL_ENABLE_DEBUG_INFO = YES;
				ONLY_ACTIVE_ARCH = YES;
				SDKROOT = iphoneos;
			};
			name = Debug;
		};
		0430E779209228EF0086CDF2 /* Release */ = {
			isa = XCBuildConfiguration;
			buildSettings = {
				ALWAYS_SEARCH_USER_PATHS = NO;
				CLANG_ANALYZER_NONNULL = YES;
				CLANG_ANALYZER_NUMBER_OBJECT_CONVERSION = YES_AGGRESSIVE;
				CLANG_CXX_LANGUAGE_STANDARD = "gnu++0x";
				CLANG_CXX_LIBRARY = "libc++";
				CLANG_ENABLE_MODULES = YES;
				CLANG_ENABLE_OBJC_ARC = YES;
				CLANG_WARN_BOOL_CONVERSION = YES;
				CLANG_WARN_CONSTANT_CONVERSION = YES;
				CLANG_WARN_DIRECT_OBJC_ISA_USAGE = YES_ERROR;
				CLANG_WARN_DOCUMENTATION_COMMENTS = YES;
				CLANG_WARN_EMPTY_BODY = YES;
				CLANG_WARN_ENUM_CONVERSION = YES;
				CLANG_WARN_INFINITE_RECURSION = YES;
				CLANG_WARN_INT_CONVERSION = YES;
				CLANG_WARN_OBJC_ROOT_CLASS = YES_ERROR;
				CLANG_WARN_SUSPICIOUS_MOVE = YES;
				CLANG_WARN_UNREACHABLE_CODE = YES;
				CLANG_WARN__DUPLICATE_METHOD_MATCH = YES;
				"CODE_SIGN_IDENTITY[sdk=iphoneos*]" = "iPhone Developer";
				COPY_PHASE_STRIP = NO;
				DEBUG_INFORMATION_FORMAT = "dwarf-with-dsym";
				ENABLE_NS_ASSERTIONS = NO;
				ENABLE_STRICT_OBJC_MSGSEND = YES;
				GCC_C_LANGUAGE_STANDARD = gnu99;
				GCC_NO_COMMON_BLOCKS = YES;
				GCC_WARN_64_TO_32_BIT_CONVERSION = YES;
				GCC_WARN_ABOUT_RETURN_TYPE = YES_ERROR;
				GCC_WARN_UNDECLARED_SELECTOR = YES;
				GCC_WARN_UNINITIALIZED_AUTOS = YES_AGGRESSIVE;
				GCC_WARN_UNUSED_FUNCTION = YES;
				GCC_WARN_UNUSED_VARIABLE = YES;
				IPHONEOS_DEPLOYMENT_TARGET = 10.3;
				MTL_ENABLE_DEBUG_INFO = NO;
				SDKROOT = iphoneos;
				VALIDATE_PRODUCT = YES;
			};
			name = Release;
		};
		0430E77B209228EF0086CDF2 /* Debug */ = {
			isa = XCBuildConfiguration;
			baseConfigurationReference = 833A40F2A4A5FFD27F90D62E /* Pods-time.debug.xcconfig */;
			buildSettings = {
				ASSETCATALOG_COMPILER_APPICON_NAME = AppIcon;
				DEVELOPMENT_TEAM = 8B6UQ5Q6UH;
				INFOPLIST_FILE = time/Info.plist;
				LD_RUNPATH_SEARCH_PATHS = "$(inherited) @executable_path/Frameworks";
				PRODUCT_BUNDLE_IDENTIFIER = onesit.time;
				PRODUCT_NAME = "$(TARGET_NAME)";
			};
			name = Debug;
		};
		0430E77C209228EF0086CDF2 /* Release */ = {
			isa = XCBuildConfiguration;
			baseConfigurationReference = 05A8B9AE8588B2405114A5FE /* Pods-time.release.xcconfig */;
			buildSettings = {
				ASSETCATALOG_COMPILER_APPICON_NAME = AppIcon;
				DEVELOPMENT_TEAM = 8B6UQ5Q6UH;
				INFOPLIST_FILE = time/Info.plist;
				LD_RUNPATH_SEARCH_PATHS = "$(inherited) @executable_path/Frameworks";
				PRODUCT_BUNDLE_IDENTIFIER = onesit.time;
				PRODUCT_NAME = "$(TARGET_NAME)";
			};
			name = Release;
		};
/* End XCBuildConfiguration section */

/* Begin XCConfigurationList section */
		0430E75E209228EF0086CDF2 /* Build configuration list for PBXProject "time" */ = {
			isa = XCConfigurationList;
			buildConfigurations = (
				0430E778209228EF0086CDF2 /* Debug */,
				0430E779209228EF0086CDF2 /* Release */,
			);
			defaultConfigurationIsVisible = 0;
			defaultConfigurationName = Release;
		};
		0430E77A209228EF0086CDF2 /* Build configuration list for PBXNativeTarget "time" */ = {
			isa = XCConfigurationList;
			buildConfigurations = (
				0430E77B209228EF0086CDF2 /* Debug */,
				0430E77C209228EF0086CDF2 /* Release */,
			);
			defaultConfigurationIsVisible = 0;
			defaultConfigurationName = Release;
		};
/* End XCConfigurationList section */
	};
	rootObject = 0430E75B209228EF0086CDF2 /* Project object */;
}
